
Microsoft Visual Studio Solution File, Format Version 12.00
# Visual Studio 15
VisualStudioVersion = 15.0.27703.2035
MinimumVisualStudioVersion = 10.0.40219.1
Project("{FAE04EC0-301F-11D3-BF4B-00C04F79EFBC}") = "JassPro.Web", "JassPro.Web\JassPro.Web.csproj", "{97C9B6D5-BB09-4039-9BE2-7B2A2CFF589C}"
EndProject
Project("{FAE04EC0-301F-11D3-BF4B-00C04F79EFBC}") = "JassPro.BLL", "JassPro.BLL\JassPro.BLL.csproj", "{113CD75D-604C-472B-B040-F0C0DDC73C0B}"
EndProject
Project("{FAE04EC0-301F-11D3-BF4B-00C04F79EFBC}") = "JassPro.DAL", "JassPro.DAL\JassPro.DAL.csproj", "{36D0BA0A-4A77-4B3A-9CCF-4A049FDAC8FC}"
EndProject
Project("{FAE04EC0-301F-11D3-BF4B-00C04F79EFBC}") = "JassPro.Model", "JassPro.Model\JassPro.Model.csproj", "{02BE99A8-52DC-42FA-BD18-DDBA614C5738}"
EndProject
Project("{FAE04EC0-301F-11D3-BF4B-00C04F79EFBC}") = "JassPro.Utility", "JassPro.Utility\JassPro.Utility.csproj", "{0D83E252-88AD-4B0E-BAD9-754935C78E36}"
EndProject
Global
	GlobalSection(SolutionConfigurationPlatforms) = preSolution
		Debug|Any CPU = Debug|Any CPU
		Release|Any CPU = Release|Any CPU
	EndGlobalSection
	GlobalSection(ProjectConfigurationPlatforms) = postSolution
		{97C9B6D5-BB09-4039-9BE2-7B2A2CFF589C}.Debug|Any CPU.ActiveCfg = Debug|Any CPU
		{97C9B6D5-BB09-4039-9BE2-7B2A2CFF589C}.Debug|Any CPU.Build.0 = Debug|Any CPU
		{97C9B6D5-BB09-4039-9BE2-7B2A2CFF589C}.Release|Any CPU.ActiveCfg = Release|Any CPU
		{97C9B6D5-BB09-4039-9BE2-7B2A2CFF589C}.Release|Any CPU.Build.0 = Release|Any CPU
		{113CD75D-604C-472B-B040-F0C0DDC73C0B}.Debug|Any CPU.ActiveCfg = Debug|Any CPU
		{113CD75D-604C-472B-B040-F0C0DDC73C0B}.Debug|Any CPU.Build.0 = Debug|Any CPU
		{113CD75D-604C-472B-B040-F0C0DDC73C0B}.Release|Any CPU.ActiveCfg = Release|Any CPU
		{113CD75D-604C-472B-B040-F0C0DDC73C0B}.Release|Any CPU.Build.0 = Release|Any CPU
		{36D0BA0A-4A77-4B3A-9CCF-4A049FDAC8FC}.Debug|Any CPU.ActiveCfg = Debug|Any CPU
		{36D0BA0A-4A77-4B3A-9CCF-4A049FDAC8FC}.Debug|Any CPU.Build.0 = Debug|Any CPU
		{36D0BA0A-4A77-4B3A-9CCF-4A049FDAC8FC}.Release|Any CPU.ActiveCfg = Release|Any CPU
		{36D0BA0A-4A77-4B3A-9CCF-4A049FDAC8FC}.Release|Any CPU.Build.0 = Release|Any CPU
		{02BE99A8-52DC-42FA-BD18-DDBA614C5738}.Debug|Any CPU.ActiveCfg = Debug|Any CPU
		{02BE99A8-52DC-42FA-BD18-DDBA614C5738}.Debug|Any CPU.Build.0 = Debug|Any CPU
		{02BE99A8-52DC-42FA-BD18-DDBA614C5738}.Release|Any CPU.ActiveCfg = Release|Any CPU
		{02BE99A8-52DC-42FA-BD18-DDBA614C5738}.Release|Any CPU.Build.0 = Release|Any CPU
		{0D83E252-88AD-4B0E-BAD9-754935C78E36}.Debug|Any CPU.ActiveCfg = Debug|Any CPU
		{0D83E252-88AD-4B0E-BAD9-754935C78E36}.Debug|Any CPU.Build.0 = Debug|Any CPU
		{0D83E252-88AD-4B0E-BAD9-754935C78E36}.Release|Any CPU.ActiveCfg = Release|Any CPU
		{0D83E252-88AD-4B0E-BAD9-754935C78E36}.Release|Any CPU.Build.0 = Release|Any CPU
	EndGlobalSection
	GlobalSection(SolutionProperties) = preSolution
		HideSolutionNode = FALSE
	EndGlobalSection
	GlobalSection(ExtensibilityGlobals) = postSolution
		SolutionGuid = {CE7E7B9F-D1F5-41C0-BA8B-DD05E310A309}
	EndGlobalSection
EndGlobal
